
Microsoft Visual Studio Solution File, Format Version 12.00
# Visual Studio Version 17
VisualStudioVersion = 17.5.33502.453
MinimumVisualStudioVersion = 10.0.40219.1
Project("{8BC9CEB8-8B4A-11D0-8D11-00A0C91BC942}") = "184_Pointer", "184_Pointer\184_Pointer.vcxproj", "{BA122198-3D44-4F1C-8691-B645FBC246F7}"
EndProject
Project("{8BC9CEB8-8B4A-11D0-8D11-00A0C91BC942}") = "projectpointer2", "projectpointer2\projectpointer2.vcxproj", "{DF725863-651E-4ACA-81E1-3984E90A4625}"
EndProject
Project("{8BC9CEB8-8B4A-11D0-8D11-00A0C91BC942}") = "projectpointer3", "projectpointer3\projectpointer3.vcxproj", "{5B1FDED2-625A-4125-A91E-CDE3EBE794D2}"
EndProject
Global
	GlobalSection(SolutionConfigurationPlatforms) = preSolution
		Debug|x64 = Debug|x64
		Debug|x86 = Debug|x86
		Release|x64 = Release|x64
		Release|x86 = Release|x86
	EndGlobalSection
	GlobalSection(ProjectConfigurationPlatforms) = postSolution
		{BA122198-3D44-4F1C-8691-B645FBC246F7}.Debug|x64.ActiveCfg = Debug|x64
		{BA122198-3D44-4F1C-8691-B645FBC246F7}.Debug|x64.Build.0 = Debug|x64
		{BA122198-3D44-4F1C-8691-B645FBC246F7}.Debug|x86.ActiveCfg = Debug|Win32
		{BA122198-3D44-4F1C-8691-B645FBC246F7}.Debug|x86.Build.0 = Debug|Win32
		{BA122198-3D44-4F1C-8691-B645FBC246F7}.Release|x64.ActiveCfg = Release|x64
		{BA122198-3D44-4F1C-8691-B645FBC246F7}.Release|x64.Build.0 = Release|x64
		{BA122198-3D44-4F1C-8691-B645FBC246F7}.Release|x86.ActiveCfg = Release|Win32
		{BA122198-3D44-4F1C-8691-B645FBC246F7}.Release|x86.Build.0 = Release|Win32
		{DF725863-651E-4ACA-81E1-3984E90A4625}.Debug|x64.ActiveCfg = Debug|x64
		{DF725863-651E-4ACA-81E1-3984E90A4625}.Debug|x64.Build.0 = Debug|x64
		{DF725863-651E-4ACA-81E1-3984E90A4625}.Debug|x86.ActiveCfg = Debug|Win32
		{DF725863-651E-4ACA-81E1-3984E90A4625}.Debug|x86.Build.0 = Debug|Win32
		{DF725863-651E-4ACA-81E1-3984E90A4625}.Release|x64.ActiveCfg = Release|x64
		{DF725863-651E-4ACA-81E1-3984E90A4625}.Release|x64.Build.0 = Release|x64
		{DF725863-651E-4ACA-81E1-3984E90A4625}.Release|x86.ActiveCfg = Release|Win32
		{DF725863-651E-4ACA-81E1-3984E90A4625}.Release|x86.Build.0 = Release|Win32
		{5B1FDED2-625A-4125-A91E-CDE3EBE794D2}.Debug|x64.ActiveCfg = Debug|x64
		{5B1FDED2-625A-4125-A91E-CDE3EBE794D2}.Debug|x64.Build.0 = Debug|x64
		{5B1FDED2-625A-4125-A91E-CDE3EBE794D2}.Debug|x86.ActiveCfg = Debug|Win32
		{5B1FDED2-625A-4125-A91E-CDE3EBE794D2}.Debug|x86.Build.0 = Debug|Win32
		{5B1FDED2-625A-4125-A91E-CDE3EBE794D2}.Release|x64.ActiveCfg = Release|x64
		{5B1FDED2-625A-4125-A91E-CDE3EBE794D2}.Release|x64.Build.0 = Release|x64
		{5B1FDED2-625A-4125-A91E-CDE3EBE794D2}.Release|x86.ActiveCfg = Release|Win32
		{5B1FDED2-625A-4125-A91E-CDE3EBE794D2}.Release|x86.Build.0 = Release|Win32
	EndGlobalSection
	GlobalSection(SolutionProperties) = preSolution
		HideSolutionNode = FALSE
	EndGlobalSection
	GlobalSection(ExtensibilityGlobals) = postSolution
		SolutionGuid = {45D00C65-035C-457E-9CEB-18E4482170A6}
	EndGlobalSection
EndGlobal
